
Microsoft Visual Studio Solution File, Format Version 12.00
# Visual Studio Version 17
VisualStudioVersion = 17.8.34316.72
MinimumVisualStudioVersion = 10.0.40219.1
Project("{FAE04EC0-301F-11D3-BF4B-00C04F79EFBC}") = "PluralSight_CityAPI", "PluralSight_CityAPI\PluralSight_CityAPI.csproj", "{56F3375B-B746-4533-AACC-473994B558D8}"
EndProject
Global
	GlobalSection(SolutionConfigurationPlatforms) = preSolution
		Debug|Any CPU = Debug|Any CPU
		Release|Any CPU = Release|Any CPU
	EndGlobalSection
	GlobalSection(ProjectConfigurationPlatforms) = postSolution
		{56F3375B-B746-4533-AACC-473994B558D8}.Debug|Any CPU.ActiveCfg = Debug|Any CPU
		{56F3375B-B746-4533-AACC-473994B558D8}.Debug|Any CPU.Build.0 = Debug|Any CPU
		{56F3375B-B746-4533-AACC-473994B558D8}.Release|Any CPU.ActiveCfg = Release|Any CPU
		{56F3375B-B746-4533-AACC-473994B558D8}.Release|Any CPU.Build.0 = Release|Any CPU
	EndGlobalSection
	GlobalSection(SolutionProperties) = preSolution
		HideSolutionNode = FALSE
	EndGlobalSection
	GlobalSection(ExtensibilityGlobals) = postSolution
		SolutionGuid = {60361CF0-3A99-4ED0-8860-FAC2CF60DFF3}
	EndGlobalSection
EndGlobal
